
Microsoft Visual Studio Solution File, Format Version 12.00
# Visual Studio Version 18
VisualStudioVersion = 18.0.11018.127 d18.0
MinimumVisualStudioVersion = 10.0.40219.1
Project("{FAE04EC0-301F-11D3-BF4B-00C04F79EFBC}") = "OrmAirways", "OrmAirways.csproj", "{9AEF2F4E-DA9A-4D80-8BE9-04FAF1A00110}"
EndProject
Global
	GlobalSection(SolutionConfigurationPlatforms) = preSolution
		Debug|Any CPU = Debug|Any CPU
		Release|Any CPU = Release|Any CPU
	EndGlobalSection
	GlobalSection(ProjectConfigurationPlatforms) = postSolution
		{9AEF2F4E-DA9A-4D80-8BE9-04FAF1A00110}.Debug|Any CPU.ActiveCfg = Debug|Any CPU
		{9AEF2F4E-DA9A-4D80-8BE9-04FAF1A00110}.Debug|Any CPU.Build.0 = Debug|Any CPU
		{9AEF2F4E-DA9A-4D80-8BE9-04FAF1A00110}.Release|Any CPU.ActiveCfg = Release|Any CPU
		{9AEF2F4E-DA9A-4D80-8BE9-04FAF1A00110}.Release|Any CPU.Build.0 = Release|Any CPU
	EndGlobalSection
	GlobalSection(SolutionProperties) = preSolution
		HideSolutionNode = FALSE
	EndGlobalSection
	GlobalSection(ExtensibilityGlobals) = postSolution
		SolutionGuid = {74E324C7-D5C7-4D9E-AD5B-E9BE0AE36D4B}
	EndGlobalSection
EndGlobal
